
Microsoft Visual Studio Solution File, Format Version 10.00
# Visual Studio 2008
Project("{E24C65DC-7377-472B-9ABA-BC803B73C61A}") = "inicio", "..\inicio", "{3830E065-3E57-4179-AFDB-397912C32662}"
	ProjectSection(WebsiteProperties) = preProject
		SccProjectName = ""$/inicio.root/inicio", GCIBAAAA"
		SccAuxPath = ""
		SccLocalPath = "."
		SccProvider = "MSSCCI:Microsoft Visual SourceSafe"
		TargetFramework = "3.5"
		Debug.AspNetCompiler.VirtualPath = "/inicio"
		Debug.AspNetCompiler.PhysicalPath = "..\inicio\"
		Debug.AspNetCompiler.TargetPath = "PrecompiledWeb\inicio\"
		Debug.AspNetCompiler.Updateable = "true"
		Debug.AspNetCompiler.ForceOverwrite = "true"
		Debug.AspNetCompiler.FixedNames = "false"
		Debug.AspNetCompiler.Debug = "True"
		Release.AspNetCompiler.VirtualPath = "/inicio"
		Release.AspNetCompiler.PhysicalPath = "..\inicio\"
		Release.AspNetCompiler.TargetPath = "PrecompiledWeb\inicio\"
		Release.AspNetCompiler.Updateable = "true"
		Release.AspNetCompiler.ForceOverwrite = "true"
		Release.AspNetCompiler.FixedNames = "false"
		Release.AspNetCompiler.Debug = "False"
		VWDPort = "6423"
	EndProjectSection
EndProject
Global
	GlobalSection(SourceCodeControl) = preSolution
		SccNumberOfProjects = 2
		SccLocalPath0 = .
		SccWebProject1 = true
		SccProjectUniqueName1 = .
		SccLocalPath1 = D:\\Proyectos\\inicio
		SccProjectEnlistmentChoice1 = 2
	EndGlobalSection
	GlobalSection(SolutionConfigurationPlatforms) = preSolution
		Debug|Any CPU = Debug|Any CPU
	EndGlobalSection
	GlobalSection(ProjectConfigurationPlatforms) = postSolution
		{3830E065-3E57-4179-AFDB-397912C32662}.Debug|Any CPU.ActiveCfg = Debug|Any CPU
		{3830E065-3E57-4179-AFDB-397912C32662}.Debug|Any CPU.Build.0 = Debug|Any CPU
	EndGlobalSection
	GlobalSection(SolutionProperties) = preSolution
		HideSolutionNode = FALSE
	EndGlobalSection
EndGlobal
