
Microsoft Visual Studio Solution File, Format Version 10.00
# Visual Studio 2008
Project("{FAE04EC0-301F-11D3-BF4B-00C04F79EFBC}") = "Conexiones SQL", "Conexiones SQL\Conexiones SQL.csproj", "{219113B9-AE99-41EB-A295-B589C3B1B245}"
EndProject
Project("{FAE04EC0-301F-11D3-BF4B-00C04F79EFBC}") = "Prueba_dlls", "Prueba_dlls\Prueba_dlls.csproj", "{C5273BB1-BAE0-4514-AE20-9F2E64CF9996}"
EndProject
Project("{FAE04EC0-301F-11D3-BF4B-00C04F79EFBC}") = "InformaciónColumna", "InformaciónColumna\InformaciónColumna.csproj", "{3C80E164-96A2-478D-9D39-DACEB9B4276C}"
EndProject
Global
	GlobalSection(SolutionConfigurationPlatforms) = preSolution
		Debug|Any CPU = Debug|Any CPU
		Release|Any CPU = Release|Any CPU
	EndGlobalSection
	GlobalSection(ProjectConfigurationPlatforms) = postSolution
		{219113B9-AE99-41EB-A295-B589C3B1B245}.Debug|Any CPU.ActiveCfg = Debug|Any CPU
		{219113B9-AE99-41EB-A295-B589C3B1B245}.Debug|Any CPU.Build.0 = Debug|Any CPU
		{219113B9-AE99-41EB-A295-B589C3B1B245}.Release|Any CPU.ActiveCfg = Release|Any CPU
		{219113B9-AE99-41EB-A295-B589C3B1B245}.Release|Any CPU.Build.0 = Release|Any CPU
		{C5273BB1-BAE0-4514-AE20-9F2E64CF9996}.Debug|Any CPU.ActiveCfg = Debug|Any CPU
		{C5273BB1-BAE0-4514-AE20-9F2E64CF9996}.Debug|Any CPU.Build.0 = Debug|Any CPU
		{C5273BB1-BAE0-4514-AE20-9F2E64CF9996}.Release|Any CPU.ActiveCfg = Release|Any CPU
		{C5273BB1-BAE0-4514-AE20-9F2E64CF9996}.Release|Any CPU.Build.0 = Release|Any CPU
		{3C80E164-96A2-478D-9D39-DACEB9B4276C}.Debug|Any CPU.ActiveCfg = Debug|Any CPU
		{3C80E164-96A2-478D-9D39-DACEB9B4276C}.Debug|Any CPU.Build.0 = Debug|Any CPU
		{3C80E164-96A2-478D-9D39-DACEB9B4276C}.Release|Any CPU.ActiveCfg = Release|Any CPU
		{3C80E164-96A2-478D-9D39-DACEB9B4276C}.Release|Any CPU.Build.0 = Release|Any CPU
	EndGlobalSection
	GlobalSection(SolutionProperties) = preSolution
		HideSolutionNode = FALSE
	EndGlobalSection
EndGlobal
